{
  "lockfileVersion": 2,
  "configVersion": 0,
  "workspaces": {
    "": {
      "name": "jcodebuddy-doc-tools",
      "dependencies": {
        "@hrg/inject-examples": "^1.0.1",
      },
    },
  },
  "packages": {
    "@hrg/inject-examples": ["@hrg/inject-examples@1.0.1", "", { "bin": { "inject-examples": "cli.mjs" } }, "sha512-H1h+uf7YTmyfBWsGYHIw61vLp9gTho/8kehxGL28slQgkX7Ekq47K+OwZwRMCeihj9PAWzyq801Oncl546AVRQ=="],
  }
}
