{
  "name": "jcodebuddy-doc-tools",
  "lockfileVersion": 3,
  "requires": true,
  "packages": {
    "": {
      "name": "jcodebuddy-doc-tools",
      "dependencies": {
        "@hrg/inject-examples": "^1.0.1"
      }
    },
    "node_modules/@hrg/inject-examples": {
      "version": "1.0.1",
      "resolved": "https://registry.npmjs.org/@hrg/inject-examples/-/inject-examples-1.0.1.tgz",
      "integrity": "sha512-H1h+uf7YTmyfBWsGYHIw61vLp9gTho/8kehxGL28slQgkX7Ekq47K+OwZwRMCeihj9PAWzyq801Oncl546AVRQ==",
      "license": "MIT",
      "bin": {
        "inject-examples": "cli.mjs"
      },
      "engines": {
        "node": ">=18"
      }
    }
  }
}
